# THIS IS AN AUTOGENERATED FILE. DO NOT EDIT THIS FILE DIRECTLY.
# yarn lockfile v1


"@babel/runtime@^7.1.2", "@babel/runtime@^7.4.2":
  version "7.4.3"
  resolved "https://registry.yarnpkg.com/@babel/runtime/-/runtime-7.4.3.tgz#79888e452034223ad9609187a0ad1fe0d2ad4bdc"
  integrity sha512-9lsJwJLxDh/T3Q3SZszfWOTkk3pHbkmH+3KY+zwIDmsNlxsumuhS2TH3NIpktU4kNvfzy+k3eLT7aTJSPTo0OA==
  dependencies:
    regenerator-runtime "^0.13.2"

"@fortawesome/fontawesome-free@^5.8.1":
  version "5.8.1"
  resolved "https://registry.yarnpkg.com/@fortawesome/fontawesome-free/-/fontawesome-free-5.8.1.tgz#cbafbfe8894c4e3e3c3a9da6774e249ac1f2da8b"
  integrity sha512-GJtx6e55qLEOy2gPOsok2lohjpdWNGrYGtQx0FFT/++K4SYx+Z8LlPHdQBaFzKEwH5IbBB4fNgb//uyZjgYXoA==

"@tippy.js/react@^2.1.2":
  version "2.1.2"
  resolved "https://registry.yarnpkg.com/@tippy.js/react/-/react-2.1.2.tgz#2f51a206d3b90ee2423574bf256c76e1cf2b3e53"
  integrity sha512-5napcBju8l285PiNoNHlVj0rqVHevlwBV2ndXAzbvzUfFgtb3NxoMWUWT9vCBwx6hzK3ljAw8qqTtmkImYvVEg==
  dependencies:
    prop-types "^15.6.2"
    tippy.js "^4.2.1"

"@types/history@4.7.8":
  version "4.7.8"
  resolved "https://registry.yarnpkg.com/@types/history/-/history-4.7.8.tgz#49348387983075705fe8f4e02fb67f7daaec4934"
  integrity sha512-S78QIYirQcUoo6UJZx9CSP0O2ix9IaeAXwQi26Rhr/+mg7qqPy8TzaxHSUut7eGjL8WmLccT7/MXf304WjqHcA==

"@types/node@14.11.2":
  version "14.11.2"
  resolved "https://registry.yarnpkg.com/@types/node/-/node-14.11.2.tgz#2de1ed6670439387da1c9f549a2ade2b0a799256"
  integrity sha512-jiE3QIxJ8JLNcb1Ps6rDbysDhN4xa8DJJvuC9prr6w+1tIh+QAbYyNF3tyiZNLDBIuBCf4KEcV2UvQm/V60xfA==

"@types/prop-types@*":
  version "15.5.9"
  resolved "https://registry.yarnpkg.com/@types/prop-types/-/prop-types-15.5.9.tgz#f2d14df87b0739041bc53a7d75e3d77d726a3ec0"
  integrity sha512-Nha5b+jmBI271jdTMwrHiNXM+DvThjHOfyZtMX9kj/c/LUj2xiLHsG/1L3tJ8DjAoQN48cHwUwtqBotjyXaSdQ==

"@types/react-autocomplete@^1.8.5":
  version "1.8.5"
  resolved "https://registry.yarnpkg.com/@types/react-autocomplete/-/react-autocomplete-1.8.5.tgz#d26a027850cfb963a628145f5745834b06a23884"
  integrity sha512-O9DENAvxh66Bz7ODa9tCYqHBxvw/bALB8FxKWuPIizo3J+0Qx3Et+x9qMwCEsk5pcAxmRk34MFNalyc9thYT6g==
  dependencies:
    "@types/react" "*"

"@types/react-form@^2.16.1":
  version "2.16.1"
  resolved "https://registry.yarnpkg.com/@types/react-form/-/react-form-2.16.1.tgz#7b9393fab90deb0aa7ec7caec401d4fdbb91359b"
  dependencies:
    "@types/react" "*"

"@types/react-helmet@^6.1.0":
  version "6.1.0"
  resolved "https://registry.yarnpkg.com/@types/react-helmet/-/react-helmet-6.1.0.tgz#af586ed685f4905e2adc7462d1d65ace52beee7a"
  integrity sha512-PYRoU1XJFOzQ3BHvWL1T8iDNbRjdMDJMT5hFmZKGbsq09kbSqJy61uwEpTrbTNWDopVphUT34zUSVLK9pjsgYQ==
  dependencies:
    "@types/react" "*"

"@types/react@*", "@types/react@16.9.3":
  version "16.9.3"
  resolved "https://registry.yarnpkg.com/@types/react/-/react-16.9.3.tgz#6d13251e441a3e67fb60d719d1fc8785b984a2ec"
  integrity sha512-Ogb2nSn+2qQv5opoCv7Ls5yFxtyrdUYxp5G+SWTrlGk7dmFKw331GiezCgEZj9U7QeXJi1CDtws9pdXU1zUL4g==
  dependencies:
    "@types/prop-types" "*"
    csstype "^2.2.0"

babel-runtime@^6.26.0:
  version "6.26.0"
  resolved "https://registry.yarnpkg.com/babel-runtime/-/babel-runtime-6.26.0.tgz#965c7058668e82b55d7bfe04ff2337bc8b5647fe"
  dependencies:
    core-js "^2.4.0"
    regenerator-runtime "^0.11.0"

circular-json@^0.4.0:
  version "0.4.0"
  resolved "https://registry.yarnpkg.com/circular-json/-/circular-json-0.4.0.tgz#c448ea998b7fe31ecf472ec29c6b608e2e2a62fd"

classnames@^2.2.5, classnames@^2.2.6:
  version "2.2.6"
  resolved "https://registry.yarnpkg.com/classnames/-/classnames-2.2.6.tgz#43935bffdd291f326dad0a205309b38d00f650ce"

core-js@^2.4.0:
  version "2.5.7"
  resolved "https://registry.yarnpkg.com/core-js/-/core-js-2.5.7.tgz#f972608ff0cead68b841a16a932d0b183791814e"

csstype@^2.2.0:
  version "2.5.6"
  resolved "https://registry.yarnpkg.com/csstype/-/csstype-2.5.6.tgz#2ae1db2319642d8b80a668d2d025c6196071e788"

deep-diff@^0.3.5:
  version "0.3.8"
  resolved "https://registry.yarnpkg.com/deep-diff/-/deep-diff-0.3.8.tgz#c01de63efb0eec9798801d40c7e0dae25b582c84"

dom-helpers@^3.4.0:
  version "3.4.0"
  resolved "https://registry.yarnpkg.com/dom-helpers/-/dom-helpers-3.4.0.tgz#e9b369700f959f62ecde5a6babde4bccd9169af8"
  integrity sha512-LnuPJ+dwqKDIyotW1VzmOZ5TONUN7CwkCR5hrgawTUbkBGYdeoNLZo6nNfGkCrjtE1nXXaj7iMMpDa8/d9WoIA==
  dependencies:
    "@babel/runtime" "^7.1.2"

dom-scroll-into-view@1.0.1:
  version "1.0.1"
  resolved "https://registry.yarnpkg.com/dom-scroll-into-view/-/dom-scroll-into-view-1.0.1.tgz#32abb92f0d8feca6215162aef43e4b449ab8d99c"
  integrity sha1-Mqu5Lw2P7KYhUWKu9D5LRJq42Zw=

foundation-sites@^6.4.3:
  version "6.4.3"
  resolved "https://registry.yarnpkg.com/foundation-sites/-/foundation-sites-6.4.3.tgz#ea89eb599badf6f03dd526c51f00bdb942a844f6"
  dependencies:
    jquery ">=3.0.0"
    what-input "^4.1.3"

history@^4.7.2:
  version "4.7.2"
  resolved "https://registry.yarnpkg.com/history/-/history-4.7.2.tgz#22b5c7f31633c5b8021c7f4a8a954ac139ee8d5b"
  dependencies:
    invariant "^2.2.1"
    loose-envify "^1.2.0"
    resolve-pathname "^2.2.0"
    value-equal "^0.4.0"
    warning "^3.0.0"

hoist-non-react-statics@^2.5.0:
  version "2.5.5"
  resolved "https://registry.yarnpkg.com/hoist-non-react-statics/-/hoist-non-react-statics-2.5.5.tgz#c5903cf409c0dfd908f388e619d86b9c1174cb47"

invariant@^2.0.0, invariant@^2.2.1:
  version "2.2.4"
  resolved "https://registry.yarnpkg.com/invariant/-/invariant-2.2.4.tgz#610f3c92c9359ce1db616e538008d23ff35158e6"
  dependencies:
    loose-envify "^1.0.0"

jquery@>=3.0.0:
  version "3.5.1"
  resolved "https://registry.yarnpkg.com/jquery/-/jquery-3.5.1.tgz#d7b4d08e1bfdb86ad2f1a3d039ea17304717abb5"
  integrity sha512-XwIBPqcMn57FxfT+Go5pzySnm4KWkT1Tv7gjrpT1srtf8Weynl6R273VJ5GjkRb51IzMp5nbaPjJXMWeju2MKg==

"js-tokens@^3.0.0 || ^4.0.0":
  version "4.0.0"
  resolved "https://registry.yarnpkg.com/js-tokens/-/js-tokens-4.0.0.tgz#19203fb59991df98e3a287050d4647cdeaf32499"

lodash-es@^4.17.5, lodash-es@^4.2.1:
  version "4.17.15"
  resolved "https://registry.yarnpkg.com/lodash-es/-/lodash-es-4.17.15.tgz#21bd96839354412f23d7a10340e5eac6ee455d78"
  integrity sha512-rlrc3yU3+JNOpZ9zj5pQtxnx2THmvRykwL4Xlxoa8I9lHBlVbbyPhgyPMioxVZ4NqyxaVVtaJnzsyOidQIhyyQ==

lodash@^4.17.5, lodash@^4.2.1:
  version "4.17.20"
  resolved "https://registry.yarnpkg.com/lodash/-/lodash-4.17.20.tgz#b44a9b6297bcb698f1c51a3545a2b3b368d59c52"
  integrity sha512-PlhdFcillOINfeV7Ni6oF1TAEayyZBoZ8bcshTHqOYJYlrqzRK5hagpagky5o4HfCzzd1TRkXPMFq6cKk9rGmA==

loose-envify@^1.0.0, loose-envify@^1.1.0, loose-envify@^1.2.0, loose-envify@^1.3.1, loose-envify@^1.4.0:
  version "1.4.0"
  resolved "https://registry.yarnpkg.com/loose-envify/-/loose-envify-1.4.0.tgz#71ee51fa7be4caec1a63839f7e682d8132d30caf"
  dependencies:
    js-tokens "^3.0.0 || ^4.0.0"

moment@^2.20.1:
  version "2.22.2"
  resolved "https://registry.yarnpkg.com/moment/-/moment-2.22.2.tgz#3c257f9839fc0e93ff53149632239eb90783ff66"

object-assign@^4.1.1:
  version "4.1.1"
  resolved "https://registry.yarnpkg.com/object-assign/-/object-assign-4.1.1.tgz#2109adc7965887cfc05cbbd442cac8bfbb360863"

popper.js@^1.14.7:
  version "1.15.0"
  resolved "https://registry.yarnpkg.com/popper.js/-/popper.js-1.15.0.tgz#5560b99bbad7647e9faa475c6b8056621f5a4ff2"
  integrity sha512-w010cY1oCUmI+9KwwlWki+r5jxKfTFDVoadl7MSrIujHU5MJ5OR6HTDj6Xo8aoR/QsA56x8jKjA59qGH4ELtrA==

prop-types@^15.5.10, prop-types@^15.6.0, prop-types@^15.6.2:
  version "15.6.2"
  resolved "https://registry.yarnpkg.com/prop-types/-/prop-types-15.6.2.tgz#05d5ca77b4453e985d60fc7ff8c859094a497102"
  dependencies:
    loose-envify "^1.3.1"
    object-assign "^4.1.1"

prop-types@^15.7.2:
  version "15.7.2"
  resolved "https://registry.yarnpkg.com/prop-types/-/prop-types-15.7.2.tgz#52c41e75b8c87e72b9d9360e0206b99dcbffa6c5"
  integrity sha512-8QQikdH7//R2vurIJSutZ1smHYTcLpRWEOlHnzcWHmBYrOGUysKwSsrC89BCiFj3CbrfJ/nXFdJepOVrY1GCHQ==
  dependencies:
    loose-envify "^1.4.0"
    object-assign "^4.1.1"
    react-is "^16.8.1"

react-autocomplete@^1.8.1:
  version "1.8.1"
  resolved "https://registry.yarnpkg.com/react-autocomplete/-/react-autocomplete-1.8.1.tgz#ebbbc400006aa91ad538b2d14727b9e7e5d06310"
  integrity sha1-67vEAABqqRrVOLLRRye55+XQYxA=
  dependencies:
    dom-scroll-into-view "1.0.1"
    prop-types "^15.5.10"

react-fast-compare@^3.1.1:
  version "3.2.0"
  resolved "https://registry.yarnpkg.com/react-fast-compare/-/react-fast-compare-3.2.0.tgz#641a9da81b6a6320f270e89724fb45a0b39e43bb"
  integrity sha512-rtGImPZ0YyLrscKI9xTpV8psd6I8VAtjKCzQDlzyDvqJA8XOW78TXYQwNRNd8g8JZnDu8q9Fu/1v4HPAVwVdHA==

react-form@^2.16.0:
  version "2.16.3"
  resolved "https://registry.yarnpkg.com/react-form/-/react-form-2.16.3.tgz#c45a575483696ea3f99cf271984fcabcf470f1b2"
  integrity sha512-Pp0XFvEUkIWUImEsyi8DQ7j3Ls6h8J7BCXPwIzBOv5ZgOynLFwJX+/gYqQRNtSZbjPP4+3FVA4zW3Qktq7H+lw==
  dependencies:
    babel-runtime "^6.26.0"
    circular-json "^0.4.0"
    classnames "^2.2.5"
    prop-types "^15.5.10"
    react-redux "^5.0.6"
    redux "^3.7.2"
    redux-logger "^3.0.6"
    redux-thunk "^2.2.0"

react-helmet@^6.1.0:
  version "6.1.0"
  resolved "https://registry.yarnpkg.com/react-helmet/-/react-helmet-6.1.0.tgz#a750d5165cb13cf213e44747502652e794468726"
  integrity sha512-4uMzEY9nlDlgxr61NL3XbKRy1hEkXmKNXhjbAIOVw5vcFrsdYbH2FEwcNyWvWinl103nXgzYNlns9ca+8kFiWw==
  dependencies:
    object-assign "^4.1.1"
    prop-types "^15.7.2"
    react-fast-compare "^3.1.1"
    react-side-effect "^2.1.0"

react-is@^16.8.1:
  version "16.8.6"
  resolved "https://registry.yarnpkg.com/react-is/-/react-is-16.8.6.tgz#5bbc1e2d29141c9fbdfed456343fe2bc430a6a16"
  integrity sha512-aUk3bHfZ2bRSVFFbbeVS4i+lNPZr3/WM5jT2J5omUVV1zzcs1nAaf3l51ctA5FFvCRbhrH0bdAsRRQddFJZPtA==

react-lifecycles-compat@^3.0.4:
  version "3.0.4"
  resolved "https://registry.yarnpkg.com/react-lifecycles-compat/-/react-lifecycles-compat-3.0.4.tgz#4f1a273afdfc8f3488a8c516bfda78f872352362"

react-redux@^5.0.6:
  version "5.0.7"
  resolved "https://registry.npmjs.org/react-redux/-/react-redux-5.0.7.tgz#0dc1076d9afb4670f993ffaef44b8f8c1155a4c8"
  dependencies:
    hoist-non-react-statics "^2.5.0"
    invariant "^2.0.0"
    lodash "^4.17.5"
    lodash-es "^4.17.5"
    loose-envify "^1.1.0"
    prop-types "^15.6.0"

react-side-effect@^2.1.0:
  version "2.1.0"
  resolved "https://registry.yarnpkg.com/react-side-effect/-/react-side-effect-2.1.0.tgz#1ce4a8b4445168c487ed24dab886421f74d380d3"
  integrity sha512-IgmcegOSi5SNX+2Snh1vqmF0Vg/CbkycU9XZbOHJlZ6kMzTmi3yc254oB1WCkgA7OQtIAoLmcSFuHTc/tlcqXg==

react-toastify@^5.0.1:
  version "5.0.1"
  resolved "https://registry.yarnpkg.com/react-toastify/-/react-toastify-5.0.1.tgz#ddc5f42ae1f5b2be25270d67790c9e6cd5dcce24"
  integrity sha512-O492qeG+xNZfG5N/LW0hG9YIteU8EPOzSkU8RviBhCd40kcnnq87QIklbqCkygm/BiwlvSdLFCKIpFPdrvBA7Q==
  dependencies:
    "@babel/runtime" "^7.4.2"
    classnames "^2.2.6"
    prop-types "^15.7.2"
    react-transition-group "^2.6.1"

react-transition-group@^2.6.1:
  version "2.9.0"
  resolved "https://registry.yarnpkg.com/react-transition-group/-/react-transition-group-2.9.0.tgz#df9cdb025796211151a436c69a8f3b97b5b07c8d"
  integrity sha512-+HzNTCHpeQyl4MJ/bdE0u6XRMe9+XG/+aL4mCxVN4DnPBQ0/5bfHWPDuOZUzYdMj94daZaZdCCc1Dzt9R/xSSg==
  dependencies:
    dom-helpers "^3.4.0"
    loose-envify "^1.4.0"
    prop-types "^15.6.2"
    react-lifecycles-compat "^3.0.4"

redux-logger@^3.0.6:
  version "3.0.6"
  resolved "https://registry.yarnpkg.com/redux-logger/-/redux-logger-3.0.6.tgz#f7555966f3098f3c88604c449cf0baf5778274bf"
  dependencies:
    deep-diff "^0.3.5"

redux-thunk@^2.2.0:
  version "2.3.0"
  resolved "https://registry.yarnpkg.com/redux-thunk/-/redux-thunk-2.3.0.tgz#51c2c19a185ed5187aaa9a2d08b666d0d6467622"

redux@^3.7.2:
  version "3.7.2"
  resolved "https://registry.yarnpkg.com/redux/-/redux-3.7.2.tgz#06b73123215901d25d065be342eb026bc1c8537b"
  dependencies:
    lodash "^4.2.1"
    lodash-es "^4.2.1"
    loose-envify "^1.1.0"
    symbol-observable "^1.0.3"

regenerator-runtime@^0.11.0:
  version "0.11.1"
  resolved "https://registry.yarnpkg.com/regenerator-runtime/-/regenerator-runtime-0.11.1.tgz#be05ad7f9bf7d22e056f9726cee5017fbf19e2e9"

regenerator-runtime@^0.13.2:
  version "0.13.2"
  resolved "https://registry.yarnpkg.com/regenerator-runtime/-/regenerator-runtime-0.13.2.tgz#32e59c9a6fb9b1a4aff09b4930ca2d4477343447"
  integrity sha512-S/TQAZJO+D3m9xeN1WTI8dLKBBiRgXBlTJvbWjCThHWZj9EvHK70Ff50/tYj2J/fvBY6JtFVwRuazHN2E7M9BA==

resolve-pathname@^2.2.0:
  version "2.2.0"
  resolved "https://registry.yarnpkg.com/resolve-pathname/-/resolve-pathname-2.2.0.tgz#7e9ae21ed815fd63ab189adeee64dc831eefa879"

rxjs@^5.5.11:
  version "5.5.12"
  resolved "https://registry.yarnpkg.com/rxjs/-/rxjs-5.5.12.tgz#6fa61b8a77c3d793dbaf270bee2f43f652d741cc"
  integrity sha512-xx2itnL5sBbqeeiVgNPVuQQ1nC8Jp2WfNJhXWHmElW9YmrpS9UVnNzhP3EH3HFqexO5Tlp8GhYY+WEcqcVMvGw==
  dependencies:
    symbol-observable "1.0.1"

symbol-observable@1.0.1:
  version "1.0.1"
  resolved "https://registry.yarnpkg.com/symbol-observable/-/symbol-observable-1.0.1.tgz#8340fc4702c3122df5d22288f88283f513d3fdd4"

symbol-observable@^1.0.3:
  version "1.2.0"
  resolved "https://registry.yarnpkg.com/symbol-observable/-/symbol-observable-1.2.0.tgz#c22688aed4eab3cdc2dfeacbb561660560a00804"

tippy.js@^4.2.1:
  version "4.2.1"
  resolved "https://registry.yarnpkg.com/tippy.js/-/tippy.js-4.2.1.tgz#9e4939d976465f77229b05a3cb233b5dc28cf850"
  integrity sha512-xEE7zYNgQxCDdPcuT6T04f0frPh0wO7CcIqJKMFazU/NqusyjCgYSkLRosIHoiRkZMRzSPOudC8wRN5GjvAyOQ==
  dependencies:
    popper.js "^1.14.7"

typescript@^4.0.3:
  version "4.0.3"
  resolved "https://registry.yarnpkg.com/typescript/-/typescript-4.0.3.tgz#153bbd468ef07725c1df9c77e8b453f8d36abba5"
  integrity sha512-tEu6DGxGgRJPb/mVPIZ48e69xCn2yRmCgYmDugAVwmJ6o+0u1RI18eO7E7WBTLYLaEVVOhwQmcdhQHweux/WPg==

value-equal@^0.4.0:
  version "0.4.0"
  resolved "https://registry.yarnpkg.com/value-equal/-/value-equal-0.4.0.tgz#c5bdd2f54ee093c04839d71ce2e4758a6890abc7"

warning@^3.0.0:
  version "3.0.0"
  resolved "https://registry.yarnpkg.com/warning/-/warning-3.0.0.tgz#32e5377cb572de4ab04753bdf8821c01ed605b7c"
  dependencies:
    loose-envify "^1.0.0"

what-input@^4.1.3:
  version "4.3.1"
  resolved "https://registry.yarnpkg.com/what-input/-/what-input-4.3.1.tgz#b8ea7554ba1d9171887c4c6addf28185fec3d31d"

xterm@2.4.0:
  version "2.4.0"
  resolved "https://registry.yarnpkg.com/xterm/-/xterm-2.4.0.tgz#d70227993b74323e36495ab9c7bdee0bc8d0dbba"
